
Microsoft Visual Studio Solution File, Format Version 12.00
# Visual Studio 15
VisualStudioVersion = 15.0.28010.2019
MinimumVisualStudioVersion = 10.0.40219.1
Project("{FAE04EC0-301F-11D3-BF4B-00C04F79EFBC}") = "Clases", "Clases\Clases.csproj", "{6687BB50-A598-4E21-9B50-DE7793E7E779}"
EndProject
Global
	GlobalSection(SolutionConfigurationPlatforms) = preSolution
		Debug|Any CPU = Debug|Any CPU
		Release|Any CPU = Release|Any CPU
	EndGlobalSection
	GlobalSection(ProjectConfigurationPlatforms) = postSolution
		{6687BB50-A598-4E21-9B50-DE7793E7E779}.Debug|Any CPU.ActiveCfg = Debug|Any CPU
		{6687BB50-A598-4E21-9B50-DE7793E7E779}.Debug|Any CPU.Build.0 = Debug|Any CPU
		{6687BB50-A598-4E21-9B50-DE7793E7E779}.Release|Any CPU.ActiveCfg = Release|Any CPU
		{6687BB50-A598-4E21-9B50-DE7793E7E779}.Release|Any CPU.Build.0 = Release|Any CPU
	EndGlobalSection
	GlobalSection(SolutionProperties) = preSolution
		HideSolutionNode = FALSE
	EndGlobalSection
	GlobalSection(ExtensibilityGlobals) = postSolution
		SolutionGuid = {2D664D43-5F18-4C10-AE76-55A3700D0527}
	EndGlobalSection
EndGlobal
