
Microsoft Visual Studio Solution File, Format Version 12.00
# Visual Studio 15
VisualStudioVersion = 15.0.28010.2019
MinimumVisualStudioVersion = 10.0.40219.1
Project("{FAE04EC0-301F-11D3-BF4B-00C04F79EFBC}") = "PromedioCalificaciones", "PromedioCalificaciones\PromedioCalificaciones.csproj", "{709BEE47-81E8-47A1-AEC3-0B70B912633C}"
EndProject
Global
	GlobalSection(SolutionConfigurationPlatforms) = preSolution
		Debug|Any CPU = Debug|Any CPU
		Release|Any CPU = Release|Any CPU
	EndGlobalSection
	GlobalSection(ProjectConfigurationPlatforms) = postSolution
		{709BEE47-81E8-47A1-AEC3-0B70B912633C}.Debug|Any CPU.ActiveCfg = Debug|Any CPU
		{709BEE47-81E8-47A1-AEC3-0B70B912633C}.Debug|Any CPU.Build.0 = Debug|Any CPU
		{709BEE47-81E8-47A1-AEC3-0B70B912633C}.Release|Any CPU.ActiveCfg = Release|Any CPU
		{709BEE47-81E8-47A1-AEC3-0B70B912633C}.Release|Any CPU.Build.0 = Release|Any CPU
	EndGlobalSection
	GlobalSection(SolutionProperties) = preSolution
		HideSolutionNode = FALSE
	EndGlobalSection
	GlobalSection(ExtensibilityGlobals) = postSolution
		SolutionGuid = {B3E6EF31-25E0-4BF4-98BC-18A57F55A8A4}
	EndGlobalSection
EndGlobal
