
Microsoft Visual Studio Solution File, Format Version 12.00
# Visual Studio 15
VisualStudioVersion = 15.0.28010.2019
MinimumVisualStudioVersion = 10.0.40219.1
Project("{FAE04EC0-301F-11D3-BF4B-00C04F79EFBC}") = "Delegate", "Delegate\Delegate.csproj", "{AFDBBF6D-FFD5-402A-9506-475140E96A73}"
EndProject
Global
	GlobalSection(SolutionConfigurationPlatforms) = preSolution
		Debug|Any CPU = Debug|Any CPU
		Release|Any CPU = Release|Any CPU
	EndGlobalSection
	GlobalSection(ProjectConfigurationPlatforms) = postSolution
		{AFDBBF6D-FFD5-402A-9506-475140E96A73}.Debug|Any CPU.ActiveCfg = Debug|Any CPU
		{AFDBBF6D-FFD5-402A-9506-475140E96A73}.Debug|Any CPU.Build.0 = Debug|Any CPU
		{AFDBBF6D-FFD5-402A-9506-475140E96A73}.Release|Any CPU.ActiveCfg = Release|Any CPU
		{AFDBBF6D-FFD5-402A-9506-475140E96A73}.Release|Any CPU.Build.0 = Release|Any CPU
	EndGlobalSection
	GlobalSection(SolutionProperties) = preSolution
		HideSolutionNode = FALSE
	EndGlobalSection
	GlobalSection(ExtensibilityGlobals) = postSolution
		SolutionGuid = {F6E3F54B-1A0B-497C-A242-24C90D6BE4BE}
	EndGlobalSection
EndGlobal
